
Microsoft Visual Studio Solution File, Format Version 12.00
# Visual Studio Version 16
VisualStudioVersion = 16.0.31321.278
MinimumVisualStudioVersion = 10.0.40219.1
Project("{9A19103F-16F7-4668-BE54-9A1E7A4F7556}") = "File-FileInfo", "AulaArquivos\File-FileInfo.csproj", "{5A3A7F60-4C6F-44D0-B880-2CFAB4738F14}"
EndProject
Project("{9A19103F-16F7-4668-BE54-9A1E7A4F7556}") = "FileStream-StreamReader", "FileStream-StreamReader\FileStream-StreamReader.csproj", "{4E4D9ACA-7FE2-4B0C-92AA-D5895879EADC}"
EndProject
Project("{9A19103F-16F7-4668-BE54-9A1E7A4F7556}") = "StreamWriter", "StreamWriter\StreamWriter.csproj", "{1BAE1B73-1990-4C13-AB43-C13BB76FA368}"
EndProject
Project("{9A19103F-16F7-4668-BE54-9A1E7A4F7556}") = "Directory-DirectoryInfo", "Directory-DirectoryInfo\Directory-DirectoryInfo.csproj", "{6140B40E-2F0D-44FC-B4F2-704B762A6825}"
EndProject
Project("{9A19103F-16F7-4668-BE54-9A1E7A4F7556}") = "Path", "Path\Path.csproj", "{40A514B6-8771-4CE4-824B-23C94028D27C}"
EndProject
Project("{9A19103F-16F7-4668-BE54-9A1E7A4F7556}") = "ExercicioFixacao", "ExercicioFixacao\ExercicioFixacao.csproj", "{45D11CEE-DC93-44C2-A0C5-1225334C7F64}"
EndProject
Project("{2150E333-8FDC-42A3-9474-1A3956D46DE8}") = "AulasNelio", "AulasNelio", "{9DE0B021-3371-4F50-B421-69F68B6F39C7}"
EndProject
Project("{2150E333-8FDC-42A3-9474-1A3956D46DE8}") = "AulasDio", "AulasDio", "{19964123-27B1-43EE-BB29-B1421C488EE8}"
EndProject
Project("{9A19103F-16F7-4668-BE54-9A1E7A4F7556}") = "AulaArquivosDio", "AulaArquivosDio\AulaArquivosDio.csproj", "{D68C1277-DC73-4334-8127-1F1AF7291916}"
EndProject
Global
	GlobalSection(SolutionConfigurationPlatforms) = preSolution
		Debug|Any CPU = Debug|Any CPU
		Release|Any CPU = Release|Any CPU
	EndGlobalSection
	GlobalSection(ProjectConfigurationPlatforms) = postSolution
		{5A3A7F60-4C6F-44D0-B880-2CFAB4738F14}.Debug|Any CPU.ActiveCfg = Debug|Any CPU
		{5A3A7F60-4C6F-44D0-B880-2CFAB4738F14}.Debug|Any CPU.Build.0 = Debug|Any CPU
		{5A3A7F60-4C6F-44D0-B880-2CFAB4738F14}.Release|Any CPU.ActiveCfg = Release|Any CPU
		{5A3A7F60-4C6F-44D0-B880-2CFAB4738F14}.Release|Any CPU.Build.0 = Release|Any CPU
		{4E4D9ACA-7FE2-4B0C-92AA-D5895879EADC}.Debug|Any CPU.ActiveCfg = Debug|Any CPU
		{4E4D9ACA-7FE2-4B0C-92AA-D5895879EADC}.Debug|Any CPU.Build.0 = Debug|Any CPU
		{4E4D9ACA-7FE2-4B0C-92AA-D5895879EADC}.Release|Any CPU.ActiveCfg = Release|Any CPU
		{4E4D9ACA-7FE2-4B0C-92AA-D5895879EADC}.Release|Any CPU.Build.0 = Release|Any CPU
		{1BAE1B73-1990-4C13-AB43-C13BB76FA368}.Debug|Any CPU.ActiveCfg = Debug|Any CPU
		{1BAE1B73-1990-4C13-AB43-C13BB76FA368}.Debug|Any CPU.Build.0 = Debug|Any CPU
		{1BAE1B73-1990-4C13-AB43-C13BB76FA368}.Release|Any CPU.ActiveCfg = Release|Any CPU
		{1BAE1B73-1990-4C13-AB43-C13BB76FA368}.Release|Any CPU.Build.0 = Release|Any CPU
		{6140B40E-2F0D-44FC-B4F2-704B762A6825}.Debug|Any CPU.ActiveCfg = Debug|Any CPU
		{6140B40E-2F0D-44FC-B4F2-704B762A6825}.Debug|Any CPU.Build.0 = Debug|Any CPU
		{6140B40E-2F0D-44FC-B4F2-704B762A6825}.Release|Any CPU.ActiveCfg = Release|Any CPU
		{6140B40E-2F0D-44FC-B4F2-704B762A6825}.Release|Any CPU.Build.0 = Release|Any CPU
		{40A514B6-8771-4CE4-824B-23C94028D27C}.Debug|Any CPU.ActiveCfg = Debug|Any CPU
		{40A514B6-8771-4CE4-824B-23C94028D27C}.Debug|Any CPU.Build.0 = Debug|Any CPU
		{40A514B6-8771-4CE4-824B-23C94028D27C}.Release|Any CPU.ActiveCfg = Release|Any CPU
		{40A514B6-8771-4CE4-824B-23C94028D27C}.Release|Any CPU.Build.0 = Release|Any CPU
		{45D11CEE-DC93-44C2-A0C5-1225334C7F64}.Debug|Any CPU.ActiveCfg = Debug|Any CPU
		{45D11CEE-DC93-44C2-A0C5-1225334C7F64}.Debug|Any CPU.Build.0 = Debug|Any CPU
		{45D11CEE-DC93-44C2-A0C5-1225334C7F64}.Release|Any CPU.ActiveCfg = Release|Any CPU
		{45D11CEE-DC93-44C2-A0C5-1225334C7F64}.Release|Any CPU.Build.0 = Release|Any CPU
		{D68C1277-DC73-4334-8127-1F1AF7291916}.Debug|Any CPU.ActiveCfg = Debug|Any CPU
		{D68C1277-DC73-4334-8127-1F1AF7291916}.Debug|Any CPU.Build.0 = Debug|Any CPU
		{D68C1277-DC73-4334-8127-1F1AF7291916}.Release|Any CPU.ActiveCfg = Release|Any CPU
		{D68C1277-DC73-4334-8127-1F1AF7291916}.Release|Any CPU.Build.0 = Release|Any CPU
	EndGlobalSection
	GlobalSection(SolutionProperties) = preSolution
		HideSolutionNode = FALSE
	EndGlobalSection
	GlobalSection(NestedProjects) = preSolution
		{5A3A7F60-4C6F-44D0-B880-2CFAB4738F14} = {9DE0B021-3371-4F50-B421-69F68B6F39C7}
		{4E4D9ACA-7FE2-4B0C-92AA-D5895879EADC} = {9DE0B021-3371-4F50-B421-69F68B6F39C7}
		{1BAE1B73-1990-4C13-AB43-C13BB76FA368} = {9DE0B021-3371-4F50-B421-69F68B6F39C7}
		{6140B40E-2F0D-44FC-B4F2-704B762A6825} = {9DE0B021-3371-4F50-B421-69F68B6F39C7}
		{40A514B6-8771-4CE4-824B-23C94028D27C} = {9DE0B021-3371-4F50-B421-69F68B6F39C7}
		{45D11CEE-DC93-44C2-A0C5-1225334C7F64} = {9DE0B021-3371-4F50-B421-69F68B6F39C7}
		{D68C1277-DC73-4334-8127-1F1AF7291916} = {19964123-27B1-43EE-BB29-B1421C488EE8}
	EndGlobalSection
	GlobalSection(ExtensibilityGlobals) = postSolution
		SolutionGuid = {F5A50A03-8B59-4F22-A574-9CA8A080D1D8}
	EndGlobalSection
EndGlobal
